
Microsoft Visual Studio Solution File, Format Version 12.00
# Visual Studio Version 17
VisualStudioVersion = 17.10.34916.146
MinimumVisualStudioVersion = 10.0.40219.1
Project("{FAE04EC0-301F-11D3-BF4B-00C04F79EFBC}") = "PandStore-Back", "PandStore-Back\PandStore-Back.csproj", "{7A88CEDE-7594-41D5-93AD-3DF21AEDA461}"
EndProject
Global
	GlobalSection(SolutionConfigurationPlatforms) = preSolution
		Debug|Any CPU = Debug|Any CPU
		Release|Any CPU = Release|Any CPU
	EndGlobalSection
	GlobalSection(ProjectConfigurationPlatforms) = postSolution
		{7A88CEDE-7594-41D5-93AD-3DF21AEDA461}.Debug|Any CPU.ActiveCfg = Debug|Any CPU
		{7A88CEDE-7594-41D5-93AD-3DF21AEDA461}.Debug|Any CPU.Build.0 = Debug|Any CPU
		{7A88CEDE-7594-41D5-93AD-3DF21AEDA461}.Release|Any CPU.ActiveCfg = Release|Any CPU
		{7A88CEDE-7594-41D5-93AD-3DF21AEDA461}.Release|Any CPU.Build.0 = Release|Any CPU
	EndGlobalSection
	GlobalSection(SolutionProperties) = preSolution
		HideSolutionNode = FALSE
	EndGlobalSection
	GlobalSection(ExtensibilityGlobals) = postSolution
		SolutionGuid = {E0588508-72AD-4386-BC60-FBFB4D5C4A2A}
	EndGlobalSection
EndGlobal
